
Microsoft Visual Studio Solution File, Format Version 12.00
# Visual Studio Version 17
VisualStudioVersion = 17.7.34221.43
MinimumVisualStudioVersion = 10.0.40219.1
Project("{9A19103F-16F7-4668-BE54-9A1E7A4F7556}") = "CSVParser.UI", "CSVParser.UI\CSVParser.UI.csproj", "{5F547B47-7ED6-4A7C-9A6E-A4A2D6E5A4BC}"
EndProject
Project("{9A19103F-16F7-4668-BE54-9A1E7A4F7556}") = "CSVParser.Models", "CSVParser.Models\CSVParser.Models.csproj", "{F351D176-9BA6-4750-98C0-B5EA3B4BB739}"
EndProject
Project("{9A19103F-16F7-4668-BE54-9A1E7A4F7556}") = "CSVParser.Core", "CSVParser.Core\CSVParser.Core.csproj", "{9084E6AA-700A-498A-B04E-C87F5CB7760C}"
EndProject
Project("{FAE04EC0-301F-11D3-BF4B-00C04F79EFBC}") = "CSVParser.DataAccess", "CSVParser.DataAccess\CSVParser.DataAccess.csproj", "{B83F17EB-0C8F-4963-B78F-56A7A45574A6}"
EndProject
Global
	GlobalSection(SolutionConfigurationPlatforms) = preSolution
		Debug|Any CPU = Debug|Any CPU
		Release|Any CPU = Release|Any CPU
	EndGlobalSection
	GlobalSection(ProjectConfigurationPlatforms) = postSolution
		{5F547B47-7ED6-4A7C-9A6E-A4A2D6E5A4BC}.Debug|Any CPU.ActiveCfg = Debug|Any CPU
		{5F547B47-7ED6-4A7C-9A6E-A4A2D6E5A4BC}.Debug|Any CPU.Build.0 = Debug|Any CPU
		{5F547B47-7ED6-4A7C-9A6E-A4A2D6E5A4BC}.Release|Any CPU.ActiveCfg = Release|Any CPU
		{5F547B47-7ED6-4A7C-9A6E-A4A2D6E5A4BC}.Release|Any CPU.Build.0 = Release|Any CPU
		{F351D176-9BA6-4750-98C0-B5EA3B4BB739}.Debug|Any CPU.ActiveCfg = Debug|Any CPU
		{F351D176-9BA6-4750-98C0-B5EA3B4BB739}.Debug|Any CPU.Build.0 = Debug|Any CPU
		{F351D176-9BA6-4750-98C0-B5EA3B4BB739}.Release|Any CPU.ActiveCfg = Release|Any CPU
		{F351D176-9BA6-4750-98C0-B5EA3B4BB739}.Release|Any CPU.Build.0 = Release|Any CPU
		{9084E6AA-700A-498A-B04E-C87F5CB7760C}.Debug|Any CPU.ActiveCfg = Debug|Any CPU
		{9084E6AA-700A-498A-B04E-C87F5CB7760C}.Debug|Any CPU.Build.0 = Debug|Any CPU
		{9084E6AA-700A-498A-B04E-C87F5CB7760C}.Release|Any CPU.ActiveCfg = Release|Any CPU
		{9084E6AA-700A-498A-B04E-C87F5CB7760C}.Release|Any CPU.Build.0 = Release|Any CPU
		{B83F17EB-0C8F-4963-B78F-56A7A45574A6}.Debug|Any CPU.ActiveCfg = Debug|Any CPU
		{B83F17EB-0C8F-4963-B78F-56A7A45574A6}.Debug|Any CPU.Build.0 = Debug|Any CPU
		{B83F17EB-0C8F-4963-B78F-56A7A45574A6}.Release|Any CPU.ActiveCfg = Release|Any CPU
		{B83F17EB-0C8F-4963-B78F-56A7A45574A6}.Release|Any CPU.Build.0 = Release|Any CPU
	EndGlobalSection
	GlobalSection(SolutionProperties) = preSolution
		HideSolutionNode = FALSE
	EndGlobalSection
	GlobalSection(ExtensibilityGlobals) = postSolution
		SolutionGuid = {F9C18874-06A8-4F19-BC7A-0D45E757C221}
	EndGlobalSection
EndGlobal
